
Microsoft Visual Studio Solution File, Format Version 12.00
# Visual Studio 14
VisualStudioVersion = 14.0.25420.1
MinimumVisualStudioVersion = 10.0.40219.1
Project("{FAE04EC0-301F-11D3-BF4B-00C04F79EFBC}") = "AbstractFactory", "AbstractFactory\AbstractFactory.csproj", "{E85D7D56-C0F4-4BFD-9258-9B2FD9A9CF50}"
EndProject
Project("{FAE04EC0-301F-11D3-BF4B-00C04F79EFBC}") = "Builder", "Builder\Builder.csproj", "{01C2F29C-771C-47FF-9C66-A3CD0109009A}"
EndProject
Project("{FAE04EC0-301F-11D3-BF4B-00C04F79EFBC}") = "Factory", "Factory\Factory.csproj", "{A155EEF3-1709-4585-9C7B-208568FB9428}"
EndProject
Project("{FAE04EC0-301F-11D3-BF4B-00C04F79EFBC}") = "FactoryRealWorld", "FactoryRealWorld\FactoryRealWorld.csproj", "{ACE7EE2D-D9C5-4B8E-B858-8DEF41FD3CFD}"
EndProject
Project("{FAE04EC0-301F-11D3-BF4B-00C04F79EFBC}") = "Prototype", "Prototype\Prototype.csproj", "{9D79BB15-44B5-4547-B87E-0FA9F6DC8451}"
EndProject
Project("{FAE04EC0-301F-11D3-BF4B-00C04F79EFBC}") = "PrototypeRealWorld", "PrototypeRealWorld\PrototypeRealWorld.csproj", "{B44440CA-82F6-488E-B85D-A857406FE441}"
EndProject
Project("{FAE04EC0-301F-11D3-BF4B-00C04F79EFBC}") = "Adapter", "Adapter\Adapter.csproj", "{855CA5D8-E33A-408E-A221-6857F9F6BB62}"
EndProject
Project("{FAE04EC0-301F-11D3-BF4B-00C04F79EFBC}") = "AdapterRealWorld", "AdapterRealWorld\AdapterRealWorld.csproj", "{F81C3D76-3A0D-4C60-9B67-6F9D399466A3}"
EndProject
Project("{FAE04EC0-301F-11D3-BF4B-00C04F79EFBC}") = "Bridge", "Bridge\Bridge.csproj", "{1F5A6B59-9FF0-40A4-8B56-DAB7FCF9C99E}"
EndProject
Project("{FAE04EC0-301F-11D3-BF4B-00C04F79EFBC}") = "BridgeRealWorld", "BridgeRealWorld\BridgeRealWorld.csproj", "{43B02E20-288B-4D2D-9CB9-1D6708C5227C}"
EndProject
Project("{FAE04EC0-301F-11D3-BF4B-00C04F79EFBC}") = "Composite", "Composite\Composite.csproj", "{48E7847A-6C2D-486E-8AD9-53E364950523}"
EndProject
Project("{FAE04EC0-301F-11D3-BF4B-00C04F79EFBC}") = "CompositeRealWorld", "CompositeRealWorld\CompositeRealWorld.csproj", "{76BD13C0-9B6E-4E76-896B-D3891B390CF9}"
EndProject
Project("{FAE04EC0-301F-11D3-BF4B-00C04F79EFBC}") = "Decorator", "Decorator\Decorator.csproj", "{05DC1349-D471-4370-A046-0124ED0F2CD9}"
EndProject
Project("{FAE04EC0-301F-11D3-BF4B-00C04F79EFBC}") = "DecoratorRealWorld", "DecoratorRealWorld\DecoratorRealWorld.csproj", "{5D0AE5EB-B0F1-4883-BCC7-4A3349BDC839}"
EndProject
Project("{FAE04EC0-301F-11D3-BF4B-00C04F79EFBC}") = "Fascade", "Fascade\Fascade.csproj", "{28A3CA1B-238C-4F75-B3B5-510EE1AF6711}"
EndProject
Project("{FAE04EC0-301F-11D3-BF4B-00C04F79EFBC}") = "FascadeRealWorld", "FascadeRealWorld\FascadeRealWorld.csproj", "{F432D994-CF12-4F82-8344-A6F04BB0E2F8}"
EndProject
Project("{FAE04EC0-301F-11D3-BF4B-00C04F79EFBC}") = "Proxy", "Proxy\Proxy.csproj", "{532CA36F-A11D-4F52-8F80-760D951FEDAF}"
EndProject
Project("{FAE04EC0-301F-11D3-BF4B-00C04F79EFBC}") = "ProxyRealWorld", "ProxyRealWorld\ProxyRealWorld.csproj", "{48EDC0A1-D938-4626-8691-8903870D1624}"
EndProject
Project("{FAE04EC0-301F-11D3-BF4B-00C04F79EFBC}") = "ChaneOfResponsibility", "ChaneOfResponsibility\ChaneOfResponsibility.csproj", "{BEEE6551-1F3E-44F0-9CEE-FB8DE0C50461}"
EndProject
Project("{FAE04EC0-301F-11D3-BF4B-00C04F79EFBC}") = "ChaneOfResponsibilityRealWorld", "ChaneOfResponsibilityRealWorld\ChaneOfResponsibilityRealWorld.csproj", "{17DDFCDD-8639-4188-9DF5-715585229856}"
EndProject
Project("{FAE04EC0-301F-11D3-BF4B-00C04F79EFBC}") = "Command", "Command\Command.csproj", "{153CE5F6-6C4C-43BA-B29A-16685466B6DD}"
EndProject
Project("{FAE04EC0-301F-11D3-BF4B-00C04F79EFBC}") = "CommandRealWorld", "CommandRealWorld\CommandRealWorld.csproj", "{9856C809-7597-41BD-AB36-3D3F9AD5B19A}"
EndProject
Project("{FAE04EC0-301F-11D3-BF4B-00C04F79EFBC}") = "Interpreter", "Interpreter\Interpreter.csproj", "{AF1B726B-9014-415E-9511-167873B7A9A5}"
EndProject
Project("{FAE04EC0-301F-11D3-BF4B-00C04F79EFBC}") = "InterpreterRealWorld", "InterpreterRealWorld\InterpreterRealWorld.csproj", "{6E81F9B4-8CD7-4E04-99D0-567F8C7459C8}"
EndProject
Project("{FAE04EC0-301F-11D3-BF4B-00C04F79EFBC}") = "Mediator", "Mediator\Mediator.csproj", "{BE902710-DAC5-4EF2-A88C-C779F3D79114}"
EndProject
Project("{FAE04EC0-301F-11D3-BF4B-00C04F79EFBC}") = "MediatorRealWorld", "MediatorRealWorld\MediatorRealWorld.csproj", "{EA145DD9-5B3D-4797-B9FB-17F26819B14B}"
EndProject
Project("{FAE04EC0-301F-11D3-BF4B-00C04F79EFBC}") = "Observer", "Observer\Observer.csproj", "{F8D7577F-9585-42BB-AAC9-7C607B26FB51}"
EndProject
Project("{FAE04EC0-301F-11D3-BF4B-00C04F79EFBC}") = "ObserverRealWorld", "ObserverRealWorld\ObserverRealWorld.csproj", "{3AF56D17-C2E8-4C60-AB0D-7C04D8C87304}"
EndProject
Project("{FAE04EC0-301F-11D3-BF4B-00C04F79EFBC}") = "Strategy", "Strategy\Strategy.csproj", "{75679FEE-C7F7-4086-AE0D-962CCB5996A0}"
EndProject
Project("{FAE04EC0-301F-11D3-BF4B-00C04F79EFBC}") = "StrategyRealWorld", "StrategyRealWorld\StrategyRealWorld.csproj", "{950364AE-8C14-4A1C-A0DE-DF9E5424E377}"
EndProject
Global
	GlobalSection(SolutionConfigurationPlatforms) = preSolution
		Debug|Any CPU = Debug|Any CPU
		Release|Any CPU = Release|Any CPU
	EndGlobalSection
	GlobalSection(ProjectConfigurationPlatforms) = postSolution
		{E85D7D56-C0F4-4BFD-9258-9B2FD9A9CF50}.Debug|Any CPU.ActiveCfg = Debug|Any CPU
		{E85D7D56-C0F4-4BFD-9258-9B2FD9A9CF50}.Debug|Any CPU.Build.0 = Debug|Any CPU
		{E85D7D56-C0F4-4BFD-9258-9B2FD9A9CF50}.Release|Any CPU.ActiveCfg = Release|Any CPU
		{E85D7D56-C0F4-4BFD-9258-9B2FD9A9CF50}.Release|Any CPU.Build.0 = Release|Any CPU
		{01C2F29C-771C-47FF-9C66-A3CD0109009A}.Debug|Any CPU.ActiveCfg = Debug|Any CPU
		{01C2F29C-771C-47FF-9C66-A3CD0109009A}.Debug|Any CPU.Build.0 = Debug|Any CPU
		{01C2F29C-771C-47FF-9C66-A3CD0109009A}.Release|Any CPU.ActiveCfg = Release|Any CPU
		{01C2F29C-771C-47FF-9C66-A3CD0109009A}.Release|Any CPU.Build.0 = Release|Any CPU
		{A155EEF3-1709-4585-9C7B-208568FB9428}.Debug|Any CPU.ActiveCfg = Debug|Any CPU
		{A155EEF3-1709-4585-9C7B-208568FB9428}.Debug|Any CPU.Build.0 = Debug|Any CPU
		{A155EEF3-1709-4585-9C7B-208568FB9428}.Release|Any CPU.ActiveCfg = Release|Any CPU
		{A155EEF3-1709-4585-9C7B-208568FB9428}.Release|Any CPU.Build.0 = Release|Any CPU
		{ACE7EE2D-D9C5-4B8E-B858-8DEF41FD3CFD}.Debug|Any CPU.ActiveCfg = Debug|Any CPU
		{ACE7EE2D-D9C5-4B8E-B858-8DEF41FD3CFD}.Debug|Any CPU.Build.0 = Debug|Any CPU
		{ACE7EE2D-D9C5-4B8E-B858-8DEF41FD3CFD}.Release|Any CPU.ActiveCfg = Release|Any CPU
		{ACE7EE2D-D9C5-4B8E-B858-8DEF41FD3CFD}.Release|Any CPU.Build.0 = Release|Any CPU
		{9D79BB15-44B5-4547-B87E-0FA9F6DC8451}.Debug|Any CPU.ActiveCfg = Debug|Any CPU
		{9D79BB15-44B5-4547-B87E-0FA9F6DC8451}.Debug|Any CPU.Build.0 = Debug|Any CPU
		{9D79BB15-44B5-4547-B87E-0FA9F6DC8451}.Release|Any CPU.ActiveCfg = Release|Any CPU
		{9D79BB15-44B5-4547-B87E-0FA9F6DC8451}.Release|Any CPU.Build.0 = Release|Any CPU
		{B44440CA-82F6-488E-B85D-A857406FE441}.Debug|Any CPU.ActiveCfg = Debug|Any CPU
		{B44440CA-82F6-488E-B85D-A857406FE441}.Debug|Any CPU.Build.0 = Debug|Any CPU
		{B44440CA-82F6-488E-B85D-A857406FE441}.Release|Any CPU.ActiveCfg = Release|Any CPU
		{B44440CA-82F6-488E-B85D-A857406FE441}.Release|Any CPU.Build.0 = Release|Any CPU
		{855CA5D8-E33A-408E-A221-6857F9F6BB62}.Debug|Any CPU.ActiveCfg = Debug|Any CPU
		{855CA5D8-E33A-408E-A221-6857F9F6BB62}.Debug|Any CPU.Build.0 = Debug|Any CPU
		{855CA5D8-E33A-408E-A221-6857F9F6BB62}.Release|Any CPU.ActiveCfg = Release|Any CPU
		{855CA5D8-E33A-408E-A221-6857F9F6BB62}.Release|Any CPU.Build.0 = Release|Any CPU
		{F81C3D76-3A0D-4C60-9B67-6F9D399466A3}.Debug|Any CPU.ActiveCfg = Debug|Any CPU
		{F81C3D76-3A0D-4C60-9B67-6F9D399466A3}.Debug|Any CPU.Build.0 = Debug|Any CPU
		{F81C3D76-3A0D-4C60-9B67-6F9D399466A3}.Release|Any CPU.ActiveCfg = Release|Any CPU
		{F81C3D76-3A0D-4C60-9B67-6F9D399466A3}.Release|Any CPU.Build.0 = Release|Any CPU
		{1F5A6B59-9FF0-40A4-8B56-DAB7FCF9C99E}.Debug|Any CPU.ActiveCfg = Debug|Any CPU
		{1F5A6B59-9FF0-40A4-8B56-DAB7FCF9C99E}.Debug|Any CPU.Build.0 = Debug|Any CPU
		{1F5A6B59-9FF0-40A4-8B56-DAB7FCF9C99E}.Release|Any CPU.ActiveCfg = Release|Any CPU
		{1F5A6B59-9FF0-40A4-8B56-DAB7FCF9C99E}.Release|Any CPU.Build.0 = Release|Any CPU
		{43B02E20-288B-4D2D-9CB9-1D6708C5227C}.Debug|Any CPU.ActiveCfg = Debug|Any CPU
		{43B02E20-288B-4D2D-9CB9-1D6708C5227C}.Debug|Any CPU.Build.0 = Debug|Any CPU
		{43B02E20-288B-4D2D-9CB9-1D6708C5227C}.Release|Any CPU.ActiveCfg = Release|Any CPU
		{43B02E20-288B-4D2D-9CB9-1D6708C5227C}.Release|Any CPU.Build.0 = Release|Any CPU
		{48E7847A-6C2D-486E-8AD9-53E364950523}.Debug|Any CPU.ActiveCfg = Debug|Any CPU
		{48E7847A-6C2D-486E-8AD9-53E364950523}.Debug|Any CPU.Build.0 = Debug|Any CPU
		{48E7847A-6C2D-486E-8AD9-53E364950523}.Release|Any CPU.ActiveCfg = Release|Any CPU
		{48E7847A-6C2D-486E-8AD9-53E364950523}.Release|Any CPU.Build.0 = Release|Any CPU
		{76BD13C0-9B6E-4E76-896B-D3891B390CF9}.Debug|Any CPU.ActiveCfg = Debug|Any CPU
		{76BD13C0-9B6E-4E76-896B-D3891B390CF9}.Debug|Any CPU.Build.0 = Debug|Any CPU
		{76BD13C0-9B6E-4E76-896B-D3891B390CF9}.Release|Any CPU.ActiveCfg = Release|Any CPU
		{76BD13C0-9B6E-4E76-896B-D3891B390CF9}.Release|Any CPU.Build.0 = Release|Any CPU
		{05DC1349-D471-4370-A046-0124ED0F2CD9}.Debug|Any CPU.ActiveCfg = Debug|Any CPU
		{05DC1349-D471-4370-A046-0124ED0F2CD9}.Debug|Any CPU.Build.0 = Debug|Any CPU
		{05DC1349-D471-4370-A046-0124ED0F2CD9}.Release|Any CPU.ActiveCfg = Release|Any CPU
		{05DC1349-D471-4370-A046-0124ED0F2CD9}.Release|Any CPU.Build.0 = Release|Any CPU
		{5D0AE5EB-B0F1-4883-BCC7-4A3349BDC839}.Debug|Any CPU.ActiveCfg = Debug|Any CPU
		{5D0AE5EB-B0F1-4883-BCC7-4A3349BDC839}.Debug|Any CPU.Build.0 = Debug|Any CPU
		{5D0AE5EB-B0F1-4883-BCC7-4A3349BDC839}.Release|Any CPU.ActiveCfg = Release|Any CPU
		{5D0AE5EB-B0F1-4883-BCC7-4A3349BDC839}.Release|Any CPU.Build.0 = Release|Any CPU
		{28A3CA1B-238C-4F75-B3B5-510EE1AF6711}.Debug|Any CPU.ActiveCfg = Debug|Any CPU
		{28A3CA1B-238C-4F75-B3B5-510EE1AF6711}.Debug|Any CPU.Build.0 = Debug|Any CPU
		{28A3CA1B-238C-4F75-B3B5-510EE1AF6711}.Release|Any CPU.ActiveCfg = Release|Any CPU
		{28A3CA1B-238C-4F75-B3B5-510EE1AF6711}.Release|Any CPU.Build.0 = Release|Any CPU
		{F432D994-CF12-4F82-8344-A6F04BB0E2F8}.Debug|Any CPU.ActiveCfg = Debug|Any CPU
		{F432D994-CF12-4F82-8344-A6F04BB0E2F8}.Debug|Any CPU.Build.0 = Debug|Any CPU
		{F432D994-CF12-4F82-8344-A6F04BB0E2F8}.Release|Any CPU.ActiveCfg = Release|Any CPU
		{F432D994-CF12-4F82-8344-A6F04BB0E2F8}.Release|Any CPU.Build.0 = Release|Any CPU
		{532CA36F-A11D-4F52-8F80-760D951FEDAF}.Debug|Any CPU.ActiveCfg = Debug|Any CPU
		{532CA36F-A11D-4F52-8F80-760D951FEDAF}.Debug|Any CPU.Build.0 = Debug|Any CPU
		{532CA36F-A11D-4F52-8F80-760D951FEDAF}.Release|Any CPU.ActiveCfg = Release|Any CPU
		{532CA36F-A11D-4F52-8F80-760D951FEDAF}.Release|Any CPU.Build.0 = Release|Any CPU
		{48EDC0A1-D938-4626-8691-8903870D1624}.Debug|Any CPU.ActiveCfg = Debug|Any CPU
		{48EDC0A1-D938-4626-8691-8903870D1624}.Debug|Any CPU.Build.0 = Debug|Any CPU
		{48EDC0A1-D938-4626-8691-8903870D1624}.Release|Any CPU.ActiveCfg = Release|Any CPU
		{48EDC0A1-D938-4626-8691-8903870D1624}.Release|Any CPU.Build.0 = Release|Any CPU
		{BEEE6551-1F3E-44F0-9CEE-FB8DE0C50461}.Debug|Any CPU.ActiveCfg = Debug|Any CPU
		{BEEE6551-1F3E-44F0-9CEE-FB8DE0C50461}.Debug|Any CPU.Build.0 = Debug|Any CPU
		{BEEE6551-1F3E-44F0-9CEE-FB8DE0C50461}.Release|Any CPU.ActiveCfg = Release|Any CPU
		{BEEE6551-1F3E-44F0-9CEE-FB8DE0C50461}.Release|Any CPU.Build.0 = Release|Any CPU
		{17DDFCDD-8639-4188-9DF5-715585229856}.Debug|Any CPU.ActiveCfg = Debug|Any CPU
		{17DDFCDD-8639-4188-9DF5-715585229856}.Debug|Any CPU.Build.0 = Debug|Any CPU
		{17DDFCDD-8639-4188-9DF5-715585229856}.Release|Any CPU.ActiveCfg = Release|Any CPU
		{17DDFCDD-8639-4188-9DF5-715585229856}.Release|Any CPU.Build.0 = Release|Any CPU
		{153CE5F6-6C4C-43BA-B29A-16685466B6DD}.Debug|Any CPU.ActiveCfg = Debug|Any CPU
		{153CE5F6-6C4C-43BA-B29A-16685466B6DD}.Debug|Any CPU.Build.0 = Debug|Any CPU
		{153CE5F6-6C4C-43BA-B29A-16685466B6DD}.Release|Any CPU.ActiveCfg = Release|Any CPU
		{153CE5F6-6C4C-43BA-B29A-16685466B6DD}.Release|Any CPU.Build.0 = Release|Any CPU
		{9856C809-7597-41BD-AB36-3D3F9AD5B19A}.Debug|Any CPU.ActiveCfg = Debug|Any CPU
		{9856C809-7597-41BD-AB36-3D3F9AD5B19A}.Debug|Any CPU.Build.0 = Debug|Any CPU
		{9856C809-7597-41BD-AB36-3D3F9AD5B19A}.Release|Any CPU.ActiveCfg = Release|Any CPU
		{9856C809-7597-41BD-AB36-3D3F9AD5B19A}.Release|Any CPU.Build.0 = Release|Any CPU
		{AF1B726B-9014-415E-9511-167873B7A9A5}.Debug|Any CPU.ActiveCfg = Debug|Any CPU
		{AF1B726B-9014-415E-9511-167873B7A9A5}.Debug|Any CPU.Build.0 = Debug|Any CPU
		{AF1B726B-9014-415E-9511-167873B7A9A5}.Release|Any CPU.ActiveCfg = Release|Any CPU
		{AF1B726B-9014-415E-9511-167873B7A9A5}.Release|Any CPU.Build.0 = Release|Any CPU
		{6E81F9B4-8CD7-4E04-99D0-567F8C7459C8}.Debug|Any CPU.ActiveCfg = Debug|Any CPU
		{6E81F9B4-8CD7-4E04-99D0-567F8C7459C8}.Debug|Any CPU.Build.0 = Debug|Any CPU
		{6E81F9B4-8CD7-4E04-99D0-567F8C7459C8}.Release|Any CPU.ActiveCfg = Release|Any CPU
		{6E81F9B4-8CD7-4E04-99D0-567F8C7459C8}.Release|Any CPU.Build.0 = Release|Any CPU
		{BE902710-DAC5-4EF2-A88C-C779F3D79114}.Debug|Any CPU.ActiveCfg = Debug|Any CPU
		{BE902710-DAC5-4EF2-A88C-C779F3D79114}.Debug|Any CPU.Build.0 = Debug|Any CPU
		{BE902710-DAC5-4EF2-A88C-C779F3D79114}.Release|Any CPU.ActiveCfg = Release|Any CPU
		{BE902710-DAC5-4EF2-A88C-C779F3D79114}.Release|Any CPU.Build.0 = Release|Any CPU
		{EA145DD9-5B3D-4797-B9FB-17F26819B14B}.Debug|Any CPU.ActiveCfg = Debug|Any CPU
		{EA145DD9-5B3D-4797-B9FB-17F26819B14B}.Debug|Any CPU.Build.0 = Debug|Any CPU
		{EA145DD9-5B3D-4797-B9FB-17F26819B14B}.Release|Any CPU.ActiveCfg = Release|Any CPU
		{EA145DD9-5B3D-4797-B9FB-17F26819B14B}.Release|Any CPU.Build.0 = Release|Any CPU
		{F8D7577F-9585-42BB-AAC9-7C607B26FB51}.Debug|Any CPU.ActiveCfg = Debug|Any CPU
		{F8D7577F-9585-42BB-AAC9-7C607B26FB51}.Debug|Any CPU.Build.0 = Debug|Any CPU
		{F8D7577F-9585-42BB-AAC9-7C607B26FB51}.Release|Any CPU.ActiveCfg = Release|Any CPU
		{F8D7577F-9585-42BB-AAC9-7C607B26FB51}.Release|Any CPU.Build.0 = Release|Any CPU
		{3AF56D17-C2E8-4C60-AB0D-7C04D8C87304}.Debug|Any CPU.ActiveCfg = Debug|Any CPU
		{3AF56D17-C2E8-4C60-AB0D-7C04D8C87304}.Debug|Any CPU.Build.0 = Debug|Any CPU
		{3AF56D17-C2E8-4C60-AB0D-7C04D8C87304}.Release|Any CPU.ActiveCfg = Release|Any CPU
		{3AF56D17-C2E8-4C60-AB0D-7C04D8C87304}.Release|Any CPU.Build.0 = Release|Any CPU
		{75679FEE-C7F7-4086-AE0D-962CCB5996A0}.Debug|Any CPU.ActiveCfg = Debug|Any CPU
		{75679FEE-C7F7-4086-AE0D-962CCB5996A0}.Debug|Any CPU.Build.0 = Debug|Any CPU
		{75679FEE-C7F7-4086-AE0D-962CCB5996A0}.Release|Any CPU.ActiveCfg = Release|Any CPU
		{75679FEE-C7F7-4086-AE0D-962CCB5996A0}.Release|Any CPU.Build.0 = Release|Any CPU
		{950364AE-8C14-4A1C-A0DE-DF9E5424E377}.Debug|Any CPU.ActiveCfg = Debug|Any CPU
		{950364AE-8C14-4A1C-A0DE-DF9E5424E377}.Debug|Any CPU.Build.0 = Debug|Any CPU
		{950364AE-8C14-4A1C-A0DE-DF9E5424E377}.Release|Any CPU.ActiveCfg = Release|Any CPU
		{950364AE-8C14-4A1C-A0DE-DF9E5424E377}.Release|Any CPU.Build.0 = Release|Any CPU
	EndGlobalSection
	GlobalSection(SolutionProperties) = preSolution
		HideSolutionNode = FALSE
	EndGlobalSection
EndGlobal
